
Microsoft Visual Studio Solution File, Format Version 12.00
# Visual Studio Version 17
VisualStudioVersion = 17.11.35222.181
MinimumVisualStudioVersion = 10.0.40219.1
Project("{FAE04EC0-301F-11D3-BF4B-00C04F79EFBC}") = "ClaimingSystem", "ClaimingSystem.csproj", "{07C4B694-C968-46D7-9ADD-34751768914A}"
EndProject
Global
	GlobalSection(SolutionConfigurationPlatforms) = preSolution
		Debug|Any CPU = Debug|Any CPU
		Release|Any CPU = Release|Any CPU
	EndGlobalSection
	GlobalSection(ProjectConfigurationPlatforms) = postSolution
		{07C4B694-C968-46D7-9ADD-34751768914A}.Debug|Any CPU.ActiveCfg = Debug|Any CPU
		{07C4B694-C968-46D7-9ADD-34751768914A}.Debug|Any CPU.Build.0 = Debug|Any CPU
		{07C4B694-C968-46D7-9ADD-34751768914A}.Release|Any CPU.ActiveCfg = Release|Any CPU
		{07C4B694-C968-46D7-9ADD-34751768914A}.Release|Any CPU.Build.0 = Release|Any CPU
	EndGlobalSection
	GlobalSection(SolutionProperties) = preSolution
		HideSolutionNode = FALSE
	EndGlobalSection
	GlobalSection(ExtensibilityGlobals) = postSolution
		SolutionGuid = {F48536E1-D95C-4057-9997-63D6ACE311D4}
	EndGlobalSection
EndGlobal
